
Microsoft Visual Studio Solution File, Format Version 12.00
# Visual Studio Version 17
VisualStudioVersion = 17.6.33829.357
MinimumVisualStudioVersion = 10.0.40219.1
Project("{FAE04EC0-301F-11D3-BF4B-00C04F79EFBC}") = "SiparisYonetimi.Entities", "SiparisYonetimi.Entities\SiparisYonetimi.Entities.csproj", "{6A298350-AB4E-48F1-846E-A399C1017D0B}"
EndProject
Project("{FAE04EC0-301F-11D3-BF4B-00C04F79EFBC}") = "SiparisYonetimi.Data", "SiparisYonetimi.Data\SiparisYonetimi.Data.csproj", "{3A327985-7468-4918-A528-03E17D543EA7}"
EndProject
Project("{FAE04EC0-301F-11D3-BF4B-00C04F79EFBC}") = "SiparisYonetimi.Service", "SiparisYonetimi.Service\SiparisYonetimi.Service.csproj", "{39971EEE-60CC-4664-8988-56767122850B}"
EndProject
Project("{FAE04EC0-301F-11D3-BF4B-00C04F79EFBC}") = "SiparisYonetimi.WebUI", "SiparisYonetimi.WebUI\SiparisYonetimi.WebUI.csproj", "{40F0BE18-D85B-4815-9A3B-FD195C9BE6FC}"
EndProject
Project("{FAE04EC0-301F-11D3-BF4B-00C04F79EFBC}") = "SiparisYonetimi.WebAPI", "SiparisYonetimi.WebAPI\SiparisYonetimi.WebAPI.csproj", "{714423DB-5702-40FE-A719-E4DEB8F3729E}"
EndProject
Global
	GlobalSection(SolutionConfigurationPlatforms) = preSolution
		Debug|Any CPU = Debug|Any CPU
		Release|Any CPU = Release|Any CPU
	EndGlobalSection
	GlobalSection(ProjectConfigurationPlatforms) = postSolution
		{6A298350-AB4E-48F1-846E-A399C1017D0B}.Debug|Any CPU.ActiveCfg = Debug|Any CPU
		{6A298350-AB4E-48F1-846E-A399C1017D0B}.Debug|Any CPU.Build.0 = Debug|Any CPU
		{6A298350-AB4E-48F1-846E-A399C1017D0B}.Release|Any CPU.ActiveCfg = Release|Any CPU
		{6A298350-AB4E-48F1-846E-A399C1017D0B}.Release|Any CPU.Build.0 = Release|Any CPU
		{3A327985-7468-4918-A528-03E17D543EA7}.Debug|Any CPU.ActiveCfg = Debug|Any CPU
		{3A327985-7468-4918-A528-03E17D543EA7}.Debug|Any CPU.Build.0 = Debug|Any CPU
		{3A327985-7468-4918-A528-03E17D543EA7}.Release|Any CPU.ActiveCfg = Release|Any CPU
		{3A327985-7468-4918-A528-03E17D543EA7}.Release|Any CPU.Build.0 = Release|Any CPU
		{39971EEE-60CC-4664-8988-56767122850B}.Debug|Any CPU.ActiveCfg = Debug|Any CPU
		{39971EEE-60CC-4664-8988-56767122850B}.Debug|Any CPU.Build.0 = Debug|Any CPU
		{39971EEE-60CC-4664-8988-56767122850B}.Release|Any CPU.ActiveCfg = Release|Any CPU
		{39971EEE-60CC-4664-8988-56767122850B}.Release|Any CPU.Build.0 = Release|Any CPU
		{40F0BE18-D85B-4815-9A3B-FD195C9BE6FC}.Debug|Any CPU.ActiveCfg = Debug|Any CPU
		{40F0BE18-D85B-4815-9A3B-FD195C9BE6FC}.Debug|Any CPU.Build.0 = Debug|Any CPU
		{40F0BE18-D85B-4815-9A3B-FD195C9BE6FC}.Release|Any CPU.ActiveCfg = Release|Any CPU
		{40F0BE18-D85B-4815-9A3B-FD195C9BE6FC}.Release|Any CPU.Build.0 = Release|Any CPU
		{714423DB-5702-40FE-A719-E4DEB8F3729E}.Debug|Any CPU.ActiveCfg = Debug|Any CPU
		{714423DB-5702-40FE-A719-E4DEB8F3729E}.Debug|Any CPU.Build.0 = Debug|Any CPU
		{714423DB-5702-40FE-A719-E4DEB8F3729E}.Release|Any CPU.ActiveCfg = Release|Any CPU
		{714423DB-5702-40FE-A719-E4DEB8F3729E}.Release|Any CPU.Build.0 = Release|Any CPU
	EndGlobalSection
	GlobalSection(SolutionProperties) = preSolution
		HideSolutionNode = FALSE
	EndGlobalSection
	GlobalSection(ExtensibilityGlobals) = postSolution
		SolutionGuid = {7E219394-D8DA-48DE-9417-908F06E052CF}
	EndGlobalSection
EndGlobal
